
Microsoft Visual Studio Solution File, Format Version 12.00
# Visual Studio Version 16
VisualStudioVersion = 16.0.29926.136
MinimumVisualStudioVersion = 10.0.40219.1
Project("{FAE04EC0-301F-11D3-BF4B-00C04F79EFBC}") = "UrenTijd", "UrenTijd\UrenTijd.csproj", "{61EE9645-834E-4A3C-84CE-0C3537E8978C}"
EndProject
Global
	GlobalSection(SolutionConfigurationPlatforms) = preSolution
		Debug|Any CPU = Debug|Any CPU
		Release|Any CPU = Release|Any CPU
	EndGlobalSection
	GlobalSection(ProjectConfigurationPlatforms) = postSolution
		{61EE9645-834E-4A3C-84CE-0C3537E8978C}.Debug|Any CPU.ActiveCfg = Debug|Any CPU
		{61EE9645-834E-4A3C-84CE-0C3537E8978C}.Debug|Any CPU.Build.0 = Debug|Any CPU
		{61EE9645-834E-4A3C-84CE-0C3537E8978C}.Release|Any CPU.ActiveCfg = Release|Any CPU
		{61EE9645-834E-4A3C-84CE-0C3537E8978C}.Release|Any CPU.Build.0 = Release|Any CPU
	EndGlobalSection
	GlobalSection(SolutionProperties) = preSolution
		HideSolutionNode = FALSE
	EndGlobalSection
	GlobalSection(ExtensibilityGlobals) = postSolution
		SolutionGuid = {67C5BE5D-25BE-476F-8633-453A6F5FE67F}
	EndGlobalSection
EndGlobal
